
Microsoft Visual Studio Solution File, Format Version 12.00
# Visual Studio Version 16
VisualStudioVersion = 16.0.29806.167
MinimumVisualStudioVersion = 10.0.40219.1
Project("{8BC9CEB8-8B4A-11D0-8D11-00A0C91BC942}") = "BookSaleManagementSystem", "BookSaleManagementSystem.vcxproj", "{DC318A04-EBF3-4E15-AAAE-906EE16A98C2}"
EndProject
Global
	GlobalSection(SolutionConfigurationPlatforms) = preSolution
		Debug|x64 = Debug|x64
		Debug|x86 = Debug|x86
		Release|x64 = Release|x64
		Release|x86 = Release|x86
	EndGlobalSection
	GlobalSection(ProjectConfigurationPlatforms) = postSolution
		{DC318A04-EBF3-4E15-AAAE-906EE16A98C2}.Debug|x64.ActiveCfg = Debug|x64
		{DC318A04-EBF3-4E15-AAAE-906EE16A98C2}.Debug|x64.Build.0 = Debug|x64
		{DC318A04-EBF3-4E15-AAAE-906EE16A98C2}.Debug|x86.ActiveCfg = Debug|Win32
		{DC318A04-EBF3-4E15-AAAE-906EE16A98C2}.Debug|x86.Build.0 = Debug|Win32
		{DC318A04-EBF3-4E15-AAAE-906EE16A98C2}.Release|x64.ActiveCfg = Release|x64
		{DC318A04-EBF3-4E15-AAAE-906EE16A98C2}.Release|x64.Build.0 = Release|x64
		{DC318A04-EBF3-4E15-AAAE-906EE16A98C2}.Release|x86.ActiveCfg = Release|Win32
		{DC318A04-EBF3-4E15-AAAE-906EE16A98C2}.Release|x86.Build.0 = Release|Win32
	EndGlobalSection
	GlobalSection(SolutionProperties) = preSolution
		HideSolutionNode = FALSE
	EndGlobalSection
	GlobalSection(ExtensibilityGlobals) = postSolution
		SolutionGuid = {A24E21F0-A84B-4842-B62E-FFC8537CFA38}
	EndGlobalSection
EndGlobal
